
Microsoft Visual Studio Solution File, Format Version 12.00
# Visual Studio Version 17
VisualStudioVersion = 17.10.35013.160
MinimumVisualStudioVersion = 10.0.40219.1
Project("{FAE04EC0-301F-11D3-BF4B-00C04F79EFBC}") = "CollecgeStudent", "CollecgeStudent\CollecgeStudent.csproj", "{BE957890-B270-4EC5-BA7F-48093CC0326A}"
EndProject
Global
	GlobalSection(SolutionConfigurationPlatforms) = preSolution
		Debug|Any CPU = Debug|Any CPU
		Release|Any CPU = Release|Any CPU
	EndGlobalSection
	GlobalSection(ProjectConfigurationPlatforms) = postSolution
		{BE957890-B270-4EC5-BA7F-48093CC0326A}.Debug|Any CPU.ActiveCfg = Debug|Any CPU
		{BE957890-B270-4EC5-BA7F-48093CC0326A}.Debug|Any CPU.Build.0 = Debug|Any CPU
		{BE957890-B270-4EC5-BA7F-48093CC0326A}.Release|Any CPU.ActiveCfg = Release|Any CPU
		{BE957890-B270-4EC5-BA7F-48093CC0326A}.Release|Any CPU.Build.0 = Release|Any CPU
	EndGlobalSection
	GlobalSection(SolutionProperties) = preSolution
		HideSolutionNode = FALSE
	EndGlobalSection
	GlobalSection(ExtensibilityGlobals) = postSolution
		SolutionGuid = {7FA18D26-6438-4A7D-A239-06ECAF041C43}
	EndGlobalSection
EndGlobal
